// !$*UTF8*$!
{
	archiveVersion = 1;
	classes = {
	};
	objectVersion = 46;
	objects = {

/* Begin PBXBuildFile section */
		2622DFCA1EAD466400D6352F /* RealmHouse.swift in Sources */ = {isa = PBXBuildFile; fileRef = 2622DFC91EAD466400D6352F /* RealmHouse.swift */; };
		26302C0F1E8B1F6A00AB7506 /* UIColorExtension.swift in Sources */ = {isa = PBXBuildFile; fileRef = 26302C0E1E8B1F6A00AB7506 /* UIColorExtension.swift */; };
		267B23061E91F3B3003D6786 /* Character.swift in Sources */ = {isa = PBXBuildFile; fileRef = 267B23051E91F3B3003D6786 /* Character.swift */; };
		267B23081E91F4AD003D6786 /* House.swift in Sources */ = {isa = PBXBuildFile; fileRef = 267B23071E91F4AD003D6786 /* House.swift */; };
		268956841EA30C880025CD7A /* InfiniteScrollActivityView.swift in Sources */ = {isa = PBXBuildFile; fileRef = 268956831EA30C880025CD7A /* InfiniteScrollActivityView.swift */; };
		26E06E011EAD518C0000C01D /* RealmCharacter.swift in Sources */ = {isa = PBXBuildFile; fileRef = 26E06E001EAD518C0000C01D /* RealmCharacter.swift */; };
		26E06E0D1EADB24D0000C01D /* AutoCompleteTextField.swift in Sources */ = {isa = PBXBuildFile; fileRef = 26E06E0C1EADB24D0000C01D /* AutoCompleteTextField.swift */; };
		26E06E0F1EAFD7030000C01D /* HouseCell.swift in Sources */ = {isa = PBXBuildFile; fileRef = 26E06E0E1EAFD7030000C01D /* HouseCell.swift */; };
		26E06E111EAFE03B0000C01D /* Camera.storyboard in Resources */ = {isa = PBXBuildFile; fileRef = 26E06E101EAFE03B0000C01D /* Camera.storyboard */; };
		26E06E131EAFE0420000C01D /* Map.storyboard in Resources */ = {isa = PBXBuildFile; fileRef = 26E06E121EAFE0420000C01D /* Map.storyboard */; };
		26E06E151EAFE04A0000C01D /* Settings.storyboard in Resources */ = {isa = PBXBuildFile; fileRef = 26E06E141EAFE04A0000C01D /* Settings.storyboard */; };
		26E06E171EB027E50000C01D /* CameraViewController.swift in Sources */ = {isa = PBXBuildFile; fileRef = 26E06E161EB027E50000C01D /* CameraViewController.swift */; };
		26E06E191EB26A8F0000C01D /* CharacterSearchCell.swift in Sources */ = {isa = PBXBuildFile; fileRef = 26E06E181EB26A8F0000C01D /* CharacterSearchCell.swift */; };
		26E06E1B1EB285CE0000C01D /* HouseCollectionCell.swift in Sources */ = {isa = PBXBuildFile; fileRef = 26E06E1A1EB285CE0000C01D /* HouseCollectionCell.swift */; };
		26EBA9011E93398B002018F4 /* GoTClient.swift in Sources */ = {isa = PBXBuildFile; fileRef = 26EBA9001E93398B002018F4 /* GoTClient.swift */; };
		5F2035DA1E68F6530035BDF0 /* AppDelegate.swift in Sources */ = {isa = PBXBuildFile; fileRef = 5F2035D91E68F6530035BDF0 /* AppDelegate.swift */; };
		5F2035DF1E68F6530035BDF0 /* Characters.storyboard in Resources */ = {isa = PBXBuildFile; fileRef = 5F2035DD1E68F6530035BDF0 /* Characters.storyboard */; };
		5F2035E11E68F6530035BDF0 /* Assets.xcassets in Resources */ = {isa = PBXBuildFile; fileRef = 5F2035E01E68F6530035BDF0 /* Assets.xcassets */; };
		5F2035E41E68F6530035BDF0 /* LaunchScreen.storyboard in Resources */ = {isa = PBXBuildFile; fileRef = 5F2035E21E68F6530035BDF0 /* LaunchScreen.storyboard */; };
		5FB100951E898B3800EC988F /* CharactersViewController.swift in Sources */ = {isa = PBXBuildFile; fileRef = 5FB100941E898B3800EC988F /* CharactersViewController.swift */; };
		5FB100971E898BFB00EC988F /* CharacterCell.swift in Sources */ = {isa = PBXBuildFile; fileRef = 5FB100961E898BFB00EC988F /* CharacterCell.swift */; };
		5FB1009A1E8AE93700EC988F /* Houses.storyboard in Resources */ = {isa = PBXBuildFile; fileRef = 5FB100991E8AE93700EC988F /* Houses.storyboard */; };
		5FB1009E1E8AE9B100EC988F /* HousesViewController.swift in Sources */ = {isa = PBXBuildFile; fileRef = 5FB1009D1E8AE9B100EC988F /* HousesViewController.swift */; };
		5FB100A21E8AFF9200EC988F /* TabBar.storyboard in Resources */ = {isa = PBXBuildFile; fileRef = 5FB100A11E8AFF9200EC988F /* TabBar.storyboard */; };
		5FCAA1271E9441FD00F60C95 /* HouseDetailViewController.swift in Sources */ = {isa = PBXBuildFile; fileRef = 5FCAA1261E9441FD00F60C95 /* HouseDetailViewController.swift */; };
		5FFB966A1E933806000AE1E5 /* CharacterDetailViewController.swift in Sources */ = {isa = PBXBuildFile; fileRef = 5FFB96691E933806000AE1E5 /* CharacterDetailViewController.swift */; };
		9D2F75E01720864BB15D9D11 /* Pods_Three_Eyed_Raven.framework in Frameworks */ = {isa = PBXBuildFile; fileRef = B35F309208DC21EA296E2243 /* Pods_Three_Eyed_Raven.framework */; };
/* End PBXBuildFile section */

/* Begin PBXFileReference section */
		2622DFC91EAD466400D6352F /* RealmHouse.swift */ = {isa = PBXFileReference; fileEncoding = 4; lastKnownFileType = sourcecode.swift; path = RealmHouse.swift; sourceTree = "<group>"; };
		26302C0E1E8B1F6A00AB7506 /* UIColorExtension.swift */ = {isa = PBXFileReference; fileEncoding = 4; lastKnownFileType = sourcecode.swift; path = UIColorExtension.swift; sourceTree = "<group>"; };
		267B23051E91F3B3003D6786 /* Character.swift */ = {isa = PBXFileReference; fileEncoding = 4; lastKnownFileType = sourcecode.swift; path = Character.swift; sourceTree = "<group>"; };
		267B23071E91F4AD003D6786 /* House.swift */ = {isa = PBXFileReference; fileEncoding = 4; lastKnownFileType = sourcecode.swift; path = House.swift; sourceTree = "<group>"; };
		268956831EA30C880025CD7A /* InfiniteScrollActivityView.swift */ = {isa = PBXFileReference; fileEncoding = 4; lastKnownFileType = sourcecode.swift; path = InfiniteScrollActivityView.swift; sourceTree = "<group>"; };
		26E06E001EAD518C0000C01D /* RealmCharacter.swift */ = {isa = PBXFileReference; fileEncoding = 4; lastKnownFileType = sourcecode.swift; path = RealmCharacter.swift; sourceTree = "<group>"; };
		26E06E0C1EADB24D0000C01D /* AutoCompleteTextField.swift */ = {isa = PBXFileReference; fileEncoding = 4; lastKnownFileType = sourcecode.swift; path = AutoCompleteTextField.swift; sourceTree = "<group>"; };
		26E06E0E1EAFD7030000C01D /* HouseCell.swift */ = {isa = PBXFileReference; fileEncoding = 4; lastKnownFileType = sourcecode.swift; path = HouseCell.swift; sourceTree = "<group>"; };
		26E06E101EAFE03B0000C01D /* Camera.storyboard */ = {isa = PBXFileReference; fileEncoding = 4; lastKnownFileType = file.storyboard; path = Camera.storyboard; sourceTree = "<group>"; };
		26E06E121EAFE0420000C01D /* Map.storyboard */ = {isa = PBXFileReference; fileEncoding = 4; lastKnownFileType = file.storyboard; path = Map.storyboard; sourceTree = "<group>"; };
		26E06E141EAFE04A0000C01D /* Settings.storyboard */ = {isa = PBXFileReference; fileEncoding = 4; lastKnownFileType = file.storyboard; path = Settings.storyboard; sourceTree = "<group>"; };
		26E06E161EB027E50000C01D /* CameraViewController.swift */ = {isa = PBXFileReference; fileEncoding = 4; lastKnownFileType = sourcecode.swift; path = CameraViewController.swift; sourceTree = "<group>"; };
		26E06E181EB26A8F0000C01D /* CharacterSearchCell.swift */ = {isa = PBXFileReference; fileEncoding = 4; lastKnownFileType = sourcecode.swift; path = CharacterSearchCell.swift; sourceTree = "<group>"; };
		26E06E1A1EB285CE0000C01D /* HouseCollectionCell.swift */ = {isa = PBXFileReference; fileEncoding = 4; lastKnownFileType = sourcecode.swift; path = HouseCollectionCell.swift; sourceTree = "<group>"; };
		26EBA9001E93398B002018F4 /* GoTClient.swift */ = {isa = PBXFileReference; fileEncoding = 4; lastKnownFileType = sourcecode.swift; path = GoTClient.swift; sourceTree = "<group>"; };
		5F2035D61E68F6530035BDF0 /* Three Eyed Raven.app */ = {isa = PBXFileReference; explicitFileType = wrapper.application; includeInIndex = 0; path = "Three Eyed Raven.app"; sourceTree = BUILT_PRODUCTS_DIR; };
		5F2035D91E68F6530035BDF0 /* AppDelegate.swift */ = {isa = PBXFileReference; lastKnownFileType = sourcecode.swift; path = AppDelegate.swift; sourceTree = "<group>"; };
		5F2035DE1E68F6530035BDF0 /* Base */ = {isa = PBXFileReference; lastKnownFileType = file.storyboard; name = Base; path = Base.lproj/Characters.storyboard; sourceTree = "<group>"; };
		5F2035E01E68F6530035BDF0 /* Assets.xcassets */ = {isa = PBXFileReference; lastKnownFileType = folder.assetcatalog; path = Assets.xcassets; sourceTree = "<group>"; };
		5F2035E31E68F6530035BDF0 /* Base */ = {isa = PBXFileReference; lastKnownFileType = file.storyboard; name = Base; path = Base.lproj/LaunchScreen.storyboard; sourceTree = "<group>"; };
		5F2035E51E68F6530035BDF0 /* Info.plist */ = {isa = PBXFileReference; lastKnownFileType = text.plist.xml; path = Info.plist; sourceTree = "<group>"; };
		5FB100941E898B3800EC988F /* CharactersViewController.swift */ = {isa = PBXFileReference; fileEncoding = 4; lastKnownFileType = sourcecode.swift; path = CharactersViewController.swift; sourceTree = "<group>"; };
		5FB100961E898BFB00EC988F /* CharacterCell.swift */ = {isa = PBXFileReference; fileEncoding = 4; lastKnownFileType = sourcecode.swift; path = CharacterCell.swift; sourceTree = "<group>"; };
		5FB100991E8AE93700EC988F /* Houses.storyboard */ = {isa = PBXFileReference; fileEncoding = 4; lastKnownFileType = file.storyboard; path = Houses.storyboard; sourceTree = "<group>"; };
		5FB1009D1E8AE9B100EC988F /* HousesViewController.swift */ = {isa = PBXFileReference; fileEncoding = 4; lastKnownFileType = sourcecode.swift; path = HousesViewController.swift; sourceTree = "<group>"; };
		5FB100A11E8AFF9200EC988F /* TabBar.storyboard */ = {isa = PBXFileReference; fileEncoding = 4; lastKnownFileType = file.storyboard; path = TabBar.storyboard; sourceTree = "<group>"; };
		5FCAA1261E9441FD00F60C95 /* HouseDetailViewController.swift */ = {isa = PBXFileReference; fileEncoding = 4; lastKnownFileType = sourcecode.swift; path = HouseDetailViewController.swift; sourceTree = "<group>"; };
		5FFB96691E933806000AE1E5 /* CharacterDetailViewController.swift */ = {isa = PBXFileReference; fileEncoding = 4; lastKnownFileType = sourcecode.swift; path = CharacterDetailViewController.swift; sourceTree = "<group>"; };
		853049AF3EB486BA6191EA1F /* Pods-Three Eyed Raven.debug.xcconfig */ = {isa = PBXFileReference; includeInIndex = 1; lastKnownFileType = text.xcconfig; name = "Pods-Three Eyed Raven.debug.xcconfig"; path = "Pods/Target Support Files/Pods-Three Eyed Raven/Pods-Three Eyed Raven.debug.xcconfig"; sourceTree = "<group>"; };
		B35F309208DC21EA296E2243 /* Pods_Three_Eyed_Raven.framework */ = {isa = PBXFileReference; explicitFileType = wrapper.framework; includeInIndex = 0; path = Pods_Three_Eyed_Raven.framework; sourceTree = BUILT_PRODUCTS_DIR; };
		B7E6CF86B619F53F47A6DF1A /* Pods-Three Eyed Raven.release.xcconfig */ = {isa = PBXFileReference; includeInIndex = 1; lastKnownFileType = text.xcconfig; name = "Pods-Three Eyed Raven.release.xcconfig"; path = "Pods/Target Support Files/Pods-Three Eyed Raven/Pods-Three Eyed Raven.release.xcconfig"; sourceTree = "<group>"; };
/* End PBXFileReference section */

/* Begin PBXFrameworksBuildPhase section */
		5F2035D31E68F6530035BDF0 /* Frameworks */ = {
			isa = PBXFrameworksBuildPhase;
			buildActionMask = 2147483647;
			files = (
				9D2F75E01720864BB15D9D11 /* Pods_Three_Eyed_Raven.framework in Frameworks */,
			);
			runOnlyForDeploymentPostprocessing = 0;
		};
/* End PBXFrameworksBuildPhase section */

/* Begin PBXGroup section */
		16C6708EF0D5B1DB45F1A964 /* Frameworks */ = {
			isa = PBXGroup;
			children = (
				B35F309208DC21EA296E2243 /* Pods_Three_Eyed_Raven.framework */,
			);
			name = Frameworks;
			sourceTree = "<group>";
		};
		1F3D0C685A496AC709E57556 /* Pods */ = {
			isa = PBXGroup;
			children = (
				853049AF3EB486BA6191EA1F /* Pods-Three Eyed Raven.debug.xcconfig */,
				B7E6CF86B619F53F47A6DF1A /* Pods-Three Eyed Raven.release.xcconfig */,
			);
			name = Pods;
			sourceTree = "<group>";
		};
		2622DFC81EAD464B00D6352F /* RealmModels */ = {
			isa = PBXGroup;
			children = (
				2622DFC91EAD466400D6352F /* RealmHouse.swift */,
				26E06E001EAD518C0000C01D /* RealmCharacter.swift */,
			);
			name = RealmModels;
			sourceTree = "<group>";
		};
		26302C0D1E8B1F5B00AB7506 /* Extensions */ = {
			isa = PBXGroup;
			children = (
				26302C0E1E8B1F6A00AB7506 /* UIColorExtension.swift */,
			);
			name = Extensions;
			sourceTree = "<group>";
		};
		267B23031E91F392003D6786 /* Views */ = {
			isa = PBXGroup;
			children = (
				26E06E0E1EAFD7030000C01D /* HouseCell.swift */,
				5FB100961E898BFB00EC988F /* CharacterCell.swift */,
				268956831EA30C880025CD7A /* InfiniteScrollActivityView.swift */,
				26E06E181EB26A8F0000C01D /* CharacterSearchCell.swift */,
				26E06E1A1EB285CE0000C01D /* HouseCollectionCell.swift */,
			);
			name = Views;
			sourceTree = "<group>";
		};
		267B23041E91F3A0003D6786 /* Models */ = {
			isa = PBXGroup;
			children = (
				267B23051E91F3B3003D6786 /* Character.swift */,
				267B23071E91F4AD003D6786 /* House.swift */,
			);
			name = Models;
			sourceTree = "<group>";
		};
		26E06E0B1EADB24D0000C01D /* AutoCompleteTextField */ = {
			isa = PBXGroup;
			children = (
				26E06E0C1EADB24D0000C01D /* AutoCompleteTextField.swift */,
			);
			path = AutoCompleteTextField;
			sourceTree = "<group>";
		};
		26EBA8FF1E93396D002018F4 /* API */ = {
			isa = PBXGroup;
			children = (
				26EBA9001E93398B002018F4 /* GoTClient.swift */,
			);
			name = API;
			sourceTree = "<group>";
		};
		5F2035CD1E68F6530035BDF0 = {
			isa = PBXGroup;
			children = (
				5F2035D81E68F6530035BDF0 /* Three Eyed Raven */,
				5F2035D71E68F6530035BDF0 /* Products */,
				1F3D0C685A496AC709E57556 /* Pods */,
				16C6708EF0D5B1DB45F1A964 /* Frameworks */,
			);
			sourceTree = "<group>";
		};
		5F2035D71E68F6530035BDF0 /* Products */ = {
			isa = PBXGroup;
			children = (
				5F2035D61E68F6530035BDF0 /* Three Eyed Raven.app */,
			);
			name = Products;
			sourceTree = "<group>";
		};
		5F2035D81E68F6530035BDF0 /* Three Eyed Raven */ = {
			isa = PBXGroup;
			children = (
				26E06E0B1EADB24D0000C01D /* AutoCompleteTextField */,
				2622DFC81EAD464B00D6352F /* RealmModels */,
				26EBA8FF1E93396D002018F4 /* API */,
				267B23041E91F3A0003D6786 /* Models */,
				267B23031E91F392003D6786 /* Views */,
				26302C0D1E8B1F5B00AB7506 /* Extensions */,
				5FB1009B1E8AE95000EC988F /* Storyboards */,
				5FB100981E898C0C00EC988F /* View Controllers */,
				5F2035D91E68F6530035BDF0 /* AppDelegate.swift */,
				5F2035E01E68F6530035BDF0 /* Assets.xcassets */,
				5F2035E21E68F6530035BDF0 /* LaunchScreen.storyboard */,
				5F2035E51E68F6530035BDF0 /* Info.plist */,
			);
			path = "Three Eyed Raven";
			sourceTree = "<group>";
		};
		5FB100981E898C0C00EC988F /* View Controllers */ = {
			isa = PBXGroup;
			children = (
				5FB100941E898B3800EC988F /* CharactersViewController.swift */,
				5FB1009D1E8AE9B100EC988F /* HousesViewController.swift */,
				5FFB96691E933806000AE1E5 /* CharacterDetailViewController.swift */,
				5FCAA1261E9441FD00F60C95 /* HouseDetailViewController.swift */,
				26E06E161EB027E50000C01D /* CameraViewController.swift */,
			);
			name = "View Controllers";
			sourceTree = "<group>";
		};
		5FB1009B1E8AE95000EC988F /* Storyboards */ = {
			isa = PBXGroup;
			children = (
				5F2035DD1E68F6530035BDF0 /* Characters.storyboard */,
				5FB100991E8AE93700EC988F /* Houses.storyboard */,
				5FB100A11E8AFF9200EC988F /* TabBar.storyboard */,
				26E06E101EAFE03B0000C01D /* Camera.storyboard */,
				26E06E121EAFE0420000C01D /* Map.storyboard */,
				26E06E141EAFE04A0000C01D /* Settings.storyboard */,
			);
			name = Storyboards;
			sourceTree = "<group>";
		};
/* End PBXGroup section */

/* Begin PBXNativeTarget section */
		5F2035D51E68F6530035BDF0 /* Three Eyed Raven */ = {
			isa = PBXNativeTarget;
			buildConfigurationList = 5F2035E81E68F6530035BDF0 /* Build configuration list for PBXNativeTarget "Three Eyed Raven" */;
			buildPhases = (
				3C6EFAF1687F70441D6EB1E9 /* [CP] Check Pods Manifest.lock */,
				5F2035D21E68F6530035BDF0 /* Sources */,
				5F2035D31E68F6530035BDF0 /* Frameworks */,
				5F2035D41E68F6530035BDF0 /* Resources */,
				252D5FB90A2F6ADF6730ECC2 /* [CP] Embed Pods Frameworks */,
			);
			buildRules = (
			);
			dependencies = (
			);
			name = "Three Eyed Raven";
			productName = "Three Eyed Raven";
			productReference = 5F2035D61E68F6530035BDF0 /* Three Eyed Raven.app */;
			productType = "com.apple.product-type.application";
		};
/* End PBXNativeTarget section */

/* Begin PBXProject section */
		5F2035CE1E68F6530035BDF0 /* Project object */ = {
			isa = PBXProject;
			attributes = {
				LastSwiftUpdateCheck = 0820;
				LastUpgradeCheck = 0820;
				TargetAttributes = {
					5F2035D51E68F6530035BDF0 = {
						CreatedOnToolsVersion = 8.2;
						DevelopmentTeam = KDGWDMD53Y;
						ProvisioningStyle = Automatic;
					};
				};
			};
			buildConfigurationList = 5F2035D11E68F6530035BDF0 /* Build configuration list for PBXProject "Three Eyed Raven" */;
			compatibilityVersion = "Xcode 3.2";
			developmentRegion = English;
			hasScannedForEncodings = 0;
			knownRegions = (
				en,
				Base,
			);
			mainGroup = 5F2035CD1E68F6530035BDF0;
			productRefGroup = 5F2035D71E68F6530035BDF0 /* Products */;
			projectDirPath = "";
			projectRoot = "";
			targets = (
				5F2035D51E68F6530035BDF0 /* Three Eyed Raven */,
			);
		};
/* End PBXProject section */

/* Begin PBXResourcesBuildPhase section */
		5F2035D41E68F6530035BDF0 /* Resources */ = {
			isa = PBXResourcesBuildPhase;
			buildActionMask = 2147483647;
			files = (
				5F2035E41E68F6530035BDF0 /* LaunchScreen.storyboard in Resources */,
				26E06E131EAFE0420000C01D /* Map.storyboard in Resources */,
				26E06E111EAFE03B0000C01D /* Camera.storyboard in Resources */,
				26E06E151EAFE04A0000C01D /* Settings.storyboard in Resources */,
				5FB1009A1E8AE93700EC988F /* Houses.storyboard in Resources */,
				5F2035E11E68F6530035BDF0 /* Assets.xcassets in Resources */,
				5F2035DF1E68F6530035BDF0 /* Characters.storyboard in Resources */,
				5FB100A21E8AFF9200EC988F /* TabBar.storyboard in Resources */,
			);
			runOnlyForDeploymentPostprocessing = 0;
		};
/* End PBXResourcesBuildPhase section */

/* Begin PBXShellScriptBuildPhase section */
		252D5FB90A2F6ADF6730ECC2 /* [CP] Embed Pods Frameworks */ = {
			isa = PBXShellScriptBuildPhase;
			buildActionMask = 2147483647;
			files = (
			);
			inputPaths = (
				"${PODS_ROOT}/Target Support Files/Pods-Three Eyed Raven/Pods-Three Eyed Raven-frameworks.sh",
				"${BUILT_PRODUCTS_DIR}/AFNetworking/AFNetworking.framework",
				"${BUILT_PRODUCTS_DIR}/Alamofire/Alamofire.framework",
				"${BUILT_PRODUCTS_DIR}/AlamofireImage/AlamofireImage.framework",
				"${BUILT_PRODUCTS_DIR}/MBProgressHUD/MBProgressHUD.framework",
				"${BUILT_PRODUCTS_DIR}/Realm/Realm.framework",
				"${BUILT_PRODUCTS_DIR}/RealmSwift/RealmSwift.framework",
				"${BUILT_PRODUCTS_DIR}/SwiftyJSON/SwiftyJSON.framework",
			);
			name = "[CP] Embed Pods Frameworks";
			outputPaths = (
				"${TARGET_BUILD_DIR}/${FRAMEWORKS_FOLDER_PATH}/AFNetworking.framework",
				"${TARGET_BUILD_DIR}/${FRAMEWORKS_FOLDER_PATH}/Alamofire.framework",
				"${TARGET_BUILD_DIR}/${FRAMEWORKS_FOLDER_PATH}/AlamofireImage.framework",
				"${TARGET_BUILD_DIR}/${FRAMEWORKS_FOLDER_PATH}/MBProgressHUD.framework",
				"${TARGET_BUILD_DIR}/${FRAMEWORKS_FOLDER_PATH}/Realm.framework",
				"${TARGET_BUILD_DIR}/${FRAMEWORKS_FOLDER_PATH}/RealmSwift.framework",
				"${TARGET_BUILD_DIR}/${FRAMEWORKS_FOLDER_PATH}/SwiftyJSON.framework",
			);
			runOnlyForDeploymentPostprocessing = 0;
			shellPath = /bin/sh;
			shellScript = "\"${PODS_ROOT}/Target Support Files/Pods-Three Eyed Raven/Pods-Three Eyed Raven-frameworks.sh\"\n";
			showEnvVarsInLog = 0;
		};
		3C6EFAF1687F70441D6EB1E9 /* [CP] Check Pods Manifest.lock */ = {
			isa = PBXShellScriptBuildPhase;
			buildActionMask = 2147483647;
			files = (
			);
			inputPaths = (
				"${PODS_PODFILE_DIR_PATH}/Podfile.lock",
				"${PODS_ROOT}/Manifest.lock",
			);
			name = "[CP] Check Pods Manifest.lock";
			outputPaths = (
				"$(DERIVED_FILE_DIR)/Pods-Three Eyed Raven-checkManifestLockResult.txt",
			);
			runOnlyForDeploymentPostprocessing = 0;
			shellPath = /bin/sh;
			shellScript = "diff \"${PODS_PODFILE_DIR_PATH}/Podfile.lock\" \"${PODS_ROOT}/Manifest.lock\" > /dev/null\nif [ $? != 0 ] ; then\n    # print error to STDERR\n    echo \"error: The sandbox is not in sync with the Podfile.lock. Run 'pod install' or update your CocoaPods installation.\" >&2\n    exit 1\nfi\n# This output is used by Xcode 'outputs' to avoid re-running this script phase.\necho \"SUCCESS\" > \"${SCRIPT_OUTPUT_FILE_0}\"\n";
			showEnvVarsInLog = 0;
		};
/* End PBXShellScriptBuildPhase section */

/* Begin PBXSourcesBuildPhase section */
		5F2035D21E68F6530035BDF0 /* Sources */ = {
			isa = PBXSourcesBuildPhase;
			buildActionMask = 2147483647;
			files = (
				268956841EA30C880025CD7A /* InfiniteScrollActivityView.swift in Sources */,
				26EBA9011E93398B002018F4 /* GoTClient.swift in Sources */,
				26E06E191EB26A8F0000C01D /* CharacterSearchCell.swift in Sources */,
				5FCAA1271E9441FD00F60C95 /* HouseDetailViewController.swift in Sources */,
				26302C0F1E8B1F6A00AB7506 /* UIColorExtension.swift in Sources */,
				5F2035DA1E68F6530035BDF0 /* AppDelegate.swift in Sources */,
				26E06E1B1EB285CE0000C01D /* HouseCollectionCell.swift in Sources */,
				267B23081E91F4AD003D6786 /* House.swift in Sources */,
				26E06E0D1EADB24D0000C01D /* AutoCompleteTextField.swift in Sources */,
				267B23061E91F3B3003D6786 /* Character.swift in Sources */,
				26E06E011EAD518C0000C01D /* RealmCharacter.swift in Sources */,
				5FB100951E898B3800EC988F /* CharactersViewController.swift in Sources */,
				5FB100971E898BFB00EC988F /* CharacterCell.swift in Sources */,
				5FFB966A1E933806000AE1E5 /* CharacterDetailViewController.swift in Sources */,
				5FB1009E1E8AE9B100EC988F /* HousesViewController.swift in Sources */,
				26E06E171EB027E50000C01D /* CameraViewController.swift in Sources */,
				26E06E0F1EAFD7030000C01D /* HouseCell.swift in Sources */,
				2622DFCA1EAD466400D6352F /* RealmHouse.swift in Sources */,
			);
			runOnlyForDeploymentPostprocessing = 0;
		};
/* End PBXSourcesBuildPhase section */

/* Begin PBXVariantGroup section */
		5F2035DD1E68F6530035BDF0 /* Characters.storyboard */ = {
			isa = PBXVariantGroup;
			children = (
				5F2035DE1E68F6530035BDF0 /* Base */,
			);
			name = Characters.storyboard;
			sourceTree = "<group>";
		};
		5F2035E21E68F6530035BDF0 /* LaunchScreen.storyboard */ = {
			isa = PBXVariantGroup;
			children = (
				5F2035E31E68F6530035BDF0 /* Base */,
			);
			name = LaunchScreen.storyboard;
			sourceTree = "<group>";
		};
/* End PBXVariantGroup section */

/* Begin XCBuildConfiguration section */
		5F2035E61E68F6530035BDF0 /* Debug */ = {
			isa = XCBuildConfiguration;
			buildSettings = {
				ALWAYS_SEARCH_USER_PATHS = NO;
				CLANG_ANALYZER_NONNULL = YES;
				CLANG_CXX_LANGUAGE_STANDARD = "gnu++0x";
				CLANG_CXX_LIBRARY = "libc++";
				CLANG_ENABLE_MODULES = YES;
				CLANG_ENABLE_OBJC_ARC = YES;
				CLANG_WARN_BOOL_CONVERSION = YES;
				CLANG_WARN_CONSTANT_CONVERSION = YES;
				CLANG_WARN_DIRECT_OBJC_ISA_USAGE = YES_ERROR;
				CLANG_WARN_DOCUMENTATION_COMMENTS = YES;
				CLANG_WARN_EMPTY_BODY = YES;
				CLANG_WARN_ENUM_CONVERSION = YES;
				CLANG_WARN_INFINITE_RECURSION = YES;
				CLANG_WARN_INT_CONVERSION = YES;
				CLANG_WARN_OBJC_ROOT_CLASS = YES_ERROR;
				CLANG_WARN_SUSPICIOUS_MOVE = YES;
				CLANG_WARN_UNREACHABLE_CODE = YES;
				CLANG_WARN__DUPLICATE_METHOD_MATCH = YES;
				"CODE_SIGN_IDENTITY[sdk=iphoneos*]" = "iPhone Developer";
				COPY_PHASE_STRIP = NO;
				DEBUG_INFORMATION_FORMAT = dwarf;
				ENABLE_STRICT_OBJC_MSGSEND = YES;
				ENABLE_TESTABILITY = YES;
				GCC_C_LANGUAGE_STANDARD = gnu99;
				GCC_DYNAMIC_NO_PIC = NO;
				GCC_NO_COMMON_BLOCKS = YES;
				GCC_OPTIMIZATION_LEVEL = 0;
				GCC_PREPROCESSOR_DEFINITIONS = (
					"DEBUG=1",
					"$(inherited)",
				);
				GCC_WARN_64_TO_32_BIT_CONVERSION = YES;
				GCC_WARN_ABOUT_RETURN_TYPE = YES_ERROR;
				GCC_WARN_UNDECLARED_SELECTOR = YES;
				GCC_WARN_UNINITIALIZED_AUTOS = YES_AGGRESSIVE;
				GCC_WARN_UNUSED_FUNCTION = YES;
				GCC_WARN_UNUSED_VARIABLE = YES;
				IPHONEOS_DEPLOYMENT_TARGET = 10.2;
				MTL_ENABLE_DEBUG_INFO = YES;
				ONLY_ACTIVE_ARCH = YES;
				SDKROOT = iphoneos;
				SWIFT_ACTIVE_COMPILATION_CONDITIONS = DEBUG;
				SWIFT_OPTIMIZATION_LEVEL = "-Onone";
			};
			name = Debug;
		};
		5F2035E71E68F6530035BDF0 /* Release */ = {
			isa = XCBuildConfiguration;
			buildSettings = {
				ALWAYS_SEARCH_USER_PATHS = NO;
				CLANG_ANALYZER_NONNULL = YES;
				CLANG_CXX_LANGUAGE_STANDARD = "gnu++0x";
				CLANG_CXX_LIBRARY = "libc++";
				CLANG_ENABLE_MODULES = YES;
				CLANG_ENABLE_OBJC_ARC = YES;
				CLANG_WARN_BOOL_CONVERSION = YES;
				CLANG_WARN_CONSTANT_CONVERSION = YES;
				CLANG_WARN_DIRECT_OBJC_ISA_USAGE = YES_ERROR;
				CLANG_WARN_DOCUMENTATION_COMMENTS = YES;
				CLANG_WARN_EMPTY_BODY = YES;
				CLANG_WARN_ENUM_CONVERSION = YES;
				CLANG_WARN_INFINITE_RECURSION = YES;
				CLANG_WARN_INT_CONVERSION = YES;
				CLANG_WARN_OBJC_ROOT_CLASS = YES_ERROR;
				CLANG_WARN_SUSPICIOUS_MOVE = YES;
				CLANG_WARN_UNREACHABLE_CODE = YES;
				CLANG_WARN__DUPLICATE_METHOD_MATCH = YES;
				"CODE_SIGN_IDENTITY[sdk=iphoneos*]" = "iPhone Developer";
				COPY_PHASE_STRIP = NO;
				DEBUG_INFORMATION_FORMAT = "dwarf-with-dsym";
				ENABLE_NS_ASSERTIONS = NO;
				ENABLE_STRICT_OBJC_MSGSEND = YES;
				GCC_C_LANGUAGE_STANDARD = gnu99;
				GCC_NO_COMMON_BLOCKS = YES;
				GCC_WARN_64_TO_32_BIT_CONVERSION = YES;
				GCC_WARN_ABOUT_RETURN_TYPE = YES_ERROR;
				GCC_WARN_UNDECLARED_SELECTOR = YES;
				GCC_WARN_UNINITIALIZED_AUTOS = YES_AGGRESSIVE;
				GCC_WARN_UNUSED_FUNCTION = YES;
				GCC_WARN_UNUSED_VARIABLE = YES;
				IPHONEOS_DEPLOYMENT_TARGET = 10.2;
				MTL_ENABLE_DEBUG_INFO = NO;
				SDKROOT = iphoneos;
				SWIFT_OPTIMIZATION_LEVEL = "-Owholemodule";
				VALIDATE_PRODUCT = YES;
			};
			name = Release;
		};
		5F2035E91E68F6530035BDF0 /* Debug */ = {
			isa = XCBuildConfiguration;
			baseConfigurationReference = 853049AF3EB486BA6191EA1F /* Pods-Three Eyed Raven.debug.xcconfig */;
			buildSettings = {
				ALWAYS_EMBED_SWIFT_STANDARD_LIBRARIES = YES;
				ASSETCATALOG_COMPILER_APPICON_NAME = AppIcon;
				DEVELOPMENT_TEAM = KDGWDMD53Y;
				INFOPLIST_FILE = "Three Eyed Raven/Info.plist";
				LD_RUNPATH_SEARCH_PATHS = "$(inherited) @executable_path/Frameworks";
				PRODUCT_BUNDLE_IDENTIFIER = "worlds.threeeyedraven.Three-Eyed-Raven";
				PRODUCT_NAME = "$(TARGET_NAME)";
				SWIFT_VERSION = 3.0;
			};
			name = Debug;
		};
		5F2035EA1E68F6530035BDF0 /* Release */ = {
			isa = XCBuildConfiguration;
			baseConfigurationReference = B7E6CF86B619F53F47A6DF1A /* Pods-Three Eyed Raven.release.xcconfig */;
			buildSettings = {
				ALWAYS_EMBED_SWIFT_STANDARD_LIBRARIES = YES;
				ASSETCATALOG_COMPILER_APPICON_NAME = AppIcon;
				DEVELOPMENT_TEAM = KDGWDMD53Y;
				INFOPLIST_FILE = "Three Eyed Raven/Info.plist";
				LD_RUNPATH_SEARCH_PATHS = "$(inherited) @executable_path/Frameworks";
				PRODUCT_BUNDLE_IDENTIFIER = "worlds.threeeyedraven.Three-Eyed-Raven";
				PRODUCT_NAME = "$(TARGET_NAME)";
				SWIFT_VERSION = 3.0;
			};
			name = Release;
		};
/* End XCBuildConfiguration section */

/* Begin XCConfigurationList section */
		5F2035D11E68F6530035BDF0 /* Build configuration list for PBXProject "Three Eyed Raven" */ = {
			isa = XCConfigurationList;
			buildConfigurations = (
				5F2035E61E68F6530035BDF0 /* Debug */,
				5F2035E71E68F6530035BDF0 /* Release */,
			);
			defaultConfigurationIsVisible = 0;
			defaultConfigurationName = Release;
		};
		5F2035E81E68F6530035BDF0 /* Build configuration list for PBXNativeTarget "Three Eyed Raven" */ = {
			isa = XCConfigurationList;
			buildConfigurations = (
				5F2035E91E68F6530035BDF0 /* Debug */,
				5F2035EA1E68F6530035BDF0 /* Release */,
			);
			defaultConfigurationIsVisible = 0;
			defaultConfigurationName = Release;
		};
/* End XCConfigurationList section */
	};
	rootObject = 5F2035CE1E68F6530035BDF0 /* Project object */;
}
